// !$*UTF8*$!
{
	archiveVersion = 1;
	classes = {
	};
	objectVersion = 56;
	objects = {

/* Begin PBXBuildFile section */
		4399C4512D343F4D0047DD20 /* AppDelegate.swift in Sources */ = {isa = PBXBuildFile; fileRef = 4399C4502D343F4D0047DD20 /* AppDelegate.swift */; };
		4399C4532D343F4D0047DD20 /* SceneDelegate.swift in Sources */ = {isa = PBXBuildFile; fileRef = 4399C4522D343F4D0047DD20 /* SceneDelegate.swift */; };
		4399C45A2D343F4F0047DD20 /* Assets.xcassets in Resources */ = {isa = PBXBuildFile; fileRef = 4399C4592D343F4F0047DD20 /* Assets.xcassets */; };
		4399C45D2D343F4F0047DD20 /* LaunchScreen.storyboard in Resources */ = {isa = PBXBuildFile; fileRef = 4399C45B2D343F4F0047DD20 /* LaunchScreen.storyboard */; };
		4399C4682D343F500047DD20 /* TheMovieDBTests.swift in Sources */ = {isa = PBXBuildFile; fileRef = 4399C4672D343F500047DD20 /* TheMovieDBTests.swift */; };
		4399C4722D343F500047DD20 /* TheMovieDBUITests.swift in Sources */ = {isa = PBXBuildFile; fileRef = 4399C4712D343F500047DD20 /* TheMovieDBUITests.swift */; };
		4399C4742D343F500047DD20 /* TheMovieDBUITestsLaunchTests.swift in Sources */ = {isa = PBXBuildFile; fileRef = 4399C4732D343F500047DD20 /* TheMovieDBUITestsLaunchTests.swift */; };
		4399C4852D3462150047DD20 /* AppCoordinator.swift in Sources */ = {isa = PBXBuildFile; fileRef = 4399C4842D3462150047DD20 /* AppCoordinator.swift */; };
		4399C4892D3465600047DD20 /* MovieListViewModel.swift in Sources */ = {isa = PBXBuildFile; fileRef = 4399C4882D3465600047DD20 /* MovieListViewModel.swift */; };
		4399C48B2D34658B0047DD20 /* MovieListViewController.swift in Sources */ = {isa = PBXBuildFile; fileRef = 4399C48A2D34658B0047DD20 /* MovieListViewController.swift */; };
		4399C48D2D3469680047DD20 /* MovieDetailsViewModel.swift in Sources */ = {isa = PBXBuildFile; fileRef = 4399C48C2D3469670047DD20 /* MovieDetailsViewModel.swift */; };
		4399C48F2D3469860047DD20 /* MovieDetailsViewController.swift in Sources */ = {isa = PBXBuildFile; fileRef = 4399C48E2D3469860047DD20 /* MovieDetailsViewController.swift */; };
		4399C4972D346DD90047DD20 /* NetworkManager.swift in Sources */ = {isa = PBXBuildFile; fileRef = 4399C4962D346DD90047DD20 /* NetworkManager.swift */; };
		4399C4992D346E280047DD20 /* Endpoint.swift in Sources */ = {isa = PBXBuildFile; fileRef = 4399C4982D346E280047DD20 /* Endpoint.swift */; };
		4399C49C2D346EFD0047DD20 /* AppConfig.swift in Sources */ = {isa = PBXBuildFile; fileRef = 4399C49B2D346EFD0047DD20 /* AppConfig.swift */; };
		4399C49E2D346F7C0047DD20 /* MovieRepositoryProtocol.swift in Sources */ = {isa = PBXBuildFile; fileRef = 4399C49D2D346F7C0047DD20 /* MovieRepositoryProtocol.swift */; };
		4399C4A02D346FA20047DD20 /* MovieRepository.swift in Sources */ = {isa = PBXBuildFile; fileRef = 4399C49F2D346FA20047DD20 /* MovieRepository.swift */; };
		4399C4A32D3470940047DD20 /* NetworkManagerProtocol.swift in Sources */ = {isa = PBXBuildFile; fileRef = 4399C4A22D3470940047DD20 /* NetworkManagerProtocol.swift */; };
		4399C4A52D34710B0047DD20 /* Movie.swift in Sources */ = {isa = PBXBuildFile; fileRef = 4399C4A42D34710B0047DD20 /* Movie.swift */; };
		4399C4A82D3478B00047DD20 /* CoordinatorProtocol.swift in Sources */ = {isa = PBXBuildFile; fileRef = 4399C4A72D3478B00047DD20 /* CoordinatorProtocol.swift */; };
		4399C4AA2D3479060047DD20 /* MovieListCoordinator.swift in Sources */ = {isa = PBXBuildFile; fileRef = 4399C4A92D3479060047DD20 /* MovieListCoordinator.swift */; };
		4399C4AC2D34807C0047DD20 /* Main.storyboard in Resources */ = {isa = PBXBuildFile; fileRef = 4399C4AB2D34807C0047DD20 /* Main.storyboard */; };
		73EF7217FC0344E7F01DA978 /* Pods_TheMovieDBTests.framework in Frameworks */ = {isa = PBXBuildFile; fileRef = 63856C6ABB631439EFAC8FDF /* Pods_TheMovieDBTests.framework */; };
		7AAB7C72F384C03994356C11 /* Pods_TheMovieDB.framework in Frameworks */ = {isa = PBXBuildFile; fileRef = FCF7066454DE5F6A75DA61A0 /* Pods_TheMovieDB.framework */; };
		C98F60BECDF57FBE78401ADA /* Pods_TheMovieDB_TheMovieDBUITests.framework in Frameworks */ = {isa = PBXBuildFile; fileRef = F7262523F5936A95865AFA34 /* Pods_TheMovieDB_TheMovieDBUITests.framework */; };
/* End PBXBuildFile section */

/* Begin PBXContainerItemProxy section */
		4399C4642D343F500047DD20 /* PBXContainerItemProxy */ = {
			isa = PBXContainerItemProxy;
			containerPortal = 4399C4452D343F4D0047DD20 /* Project object */;
			proxyType = 1;
			remoteGlobalIDString = 4399C44C2D343F4D0047DD20;
			remoteInfo = TheMovieDB;
		};
		4399C46E2D343F500047DD20 /* PBXContainerItemProxy */ = {
			isa = PBXContainerItemProxy;
			containerPortal = 4399C4452D343F4D0047DD20 /* Project object */;
			proxyType = 1;
			remoteGlobalIDString = 4399C44C2D343F4D0047DD20;
			remoteInfo = TheMovieDB;
		};
/* End PBXContainerItemProxy section */

/* Begin PBXFileReference section */
		0769F1BA761C98E5B70FDC67 /* Pods-TheMovieDB-TheMovieDBUITests.release.xcconfig */ = {isa = PBXFileReference; includeInIndex = 1; lastKnownFileType = text.xcconfig; name = "Pods-TheMovieDB-TheMovieDBUITests.release.xcconfig"; path = "Target Support Files/Pods-TheMovieDB-TheMovieDBUITests/Pods-TheMovieDB-TheMovieDBUITests.release.xcconfig"; sourceTree = "<group>"; };
		36B4D53FE05A0D845919719A /* Pods-TheMovieDB.debug.xcconfig */ = {isa = PBXFileReference; includeInIndex = 1; lastKnownFileType = text.xcconfig; name = "Pods-TheMovieDB.debug.xcconfig"; path = "Target Support Files/Pods-TheMovieDB/Pods-TheMovieDB.debug.xcconfig"; sourceTree = "<group>"; };
		4399C44D2D343F4D0047DD20 /* TheMovieDB.app */ = {isa = PBXFileReference; explicitFileType = wrapper.application; includeInIndex = 0; path = TheMovieDB.app; sourceTree = BUILT_PRODUCTS_DIR; };
		4399C4502D343F4D0047DD20 /* AppDelegate.swift */ = {isa = PBXFileReference; lastKnownFileType = sourcecode.swift; path = AppDelegate.swift; sourceTree = "<group>"; };
		4399C4522D343F4D0047DD20 /* SceneDelegate.swift */ = {isa = PBXFileReference; lastKnownFileType = sourcecode.swift; path = SceneDelegate.swift; sourceTree = "<group>"; };
		4399C4592D343F4F0047DD20 /* Assets.xcassets */ = {isa = PBXFileReference; lastKnownFileType = folder.assetcatalog; path = Assets.xcassets; sourceTree = "<group>"; };
		4399C45C2D343F4F0047DD20 /* Base */ = {isa = PBXFileReference; lastKnownFileType = file.storyboard; name = Base; path = Base.lproj/LaunchScreen.storyboard; sourceTree = "<group>"; };
		4399C45E2D343F4F0047DD20 /* Info.plist */ = {isa = PBXFileReference; lastKnownFileType = text.plist.xml; path = Info.plist; sourceTree = "<group>"; };
		4399C4632D343F500047DD20 /* TheMovieDBTests.xctest */ = {isa = PBXFileReference; explicitFileType = wrapper.cfbundle; includeInIndex = 0; path = TheMovieDBTests.xctest; sourceTree = BUILT_PRODUCTS_DIR; };
		4399C4672D343F500047DD20 /* TheMovieDBTests.swift */ = {isa = PBXFileReference; lastKnownFileType = sourcecode.swift; path = TheMovieDBTests.swift; sourceTree = "<group>"; };
		4399C46D2D343F500047DD20 /* TheMovieDBUITests.xctest */ = {isa = PBXFileReference; explicitFileType = wrapper.cfbundle; includeInIndex = 0; path = TheMovieDBUITests.xctest; sourceTree = BUILT_PRODUCTS_DIR; };
		4399C4712D343F500047DD20 /* TheMovieDBUITests.swift */ = {isa = PBXFileReference; lastKnownFileType = sourcecode.swift; path = TheMovieDBUITests.swift; sourceTree = "<group>"; };
		4399C4732D343F500047DD20 /* TheMovieDBUITestsLaunchTests.swift */ = {isa = PBXFileReference; lastKnownFileType = sourcecode.swift; path = TheMovieDBUITestsLaunchTests.swift; sourceTree = "<group>"; };
		4399C4842D3462150047DD20 /* AppCoordinator.swift */ = {isa = PBXFileReference; lastKnownFileType = sourcecode.swift; path = AppCoordinator.swift; sourceTree = "<group>"; };
		4399C4882D3465600047DD20 /* MovieListViewModel.swift */ = {isa = PBXFileReference; lastKnownFileType = sourcecode.swift; path = MovieListViewModel.swift; sourceTree = "<group>"; };
		4399C48A2D34658B0047DD20 /* MovieListViewController.swift */ = {isa = PBXFileReference; lastKnownFileType = sourcecode.swift; path = MovieListViewController.swift; sourceTree = "<group>"; };
		4399C48C2D3469670047DD20 /* MovieDetailsViewModel.swift */ = {isa = PBXFileReference; lastKnownFileType = sourcecode.swift; path = MovieDetailsViewModel.swift; sourceTree = "<group>"; };
		4399C48E2D3469860047DD20 /* MovieDetailsViewController.swift */ = {isa = PBXFileReference; lastKnownFileType = sourcecode.swift; path = MovieDetailsViewController.swift; sourceTree = "<group>"; };
		4399C4962D346DD90047DD20 /* NetworkManager.swift */ = {isa = PBXFileReference; lastKnownFileType = sourcecode.swift; path = NetworkManager.swift; sourceTree = "<group>"; };
		4399C4982D346E280047DD20 /* Endpoint.swift */ = {isa = PBXFileReference; lastKnownFileType = sourcecode.swift; path = Endpoint.swift; sourceTree = "<group>"; };
		4399C49B2D346EFD0047DD20 /* AppConfig.swift */ = {isa = PBXFileReference; lastKnownFileType = sourcecode.swift; path = AppConfig.swift; sourceTree = "<group>"; };
		4399C49D2D346F7C0047DD20 /* MovieRepositoryProtocol.swift */ = {isa = PBXFileReference; lastKnownFileType = sourcecode.swift; path = MovieRepositoryProtocol.swift; sourceTree = "<group>"; };
		4399C49F2D346FA20047DD20 /* MovieRepository.swift */ = {isa = PBXFileReference; lastKnownFileType = sourcecode.swift; path = MovieRepository.swift; sourceTree = "<group>"; };
		4399C4A22D3470940047DD20 /* NetworkManagerProtocol.swift */ = {isa = PBXFileReference; lastKnownFileType = sourcecode.swift; path = NetworkManagerProtocol.swift; sourceTree = "<group>"; };
		4399C4A42D34710B0047DD20 /* Movie.swift */ = {isa = PBXFileReference; lastKnownFileType = sourcecode.swift; path = Movie.swift; sourceTree = "<group>"; };
		4399C4A72D3478B00047DD20 /* CoordinatorProtocol.swift */ = {isa = PBXFileReference; lastKnownFileType = sourcecode.swift; path = CoordinatorProtocol.swift; sourceTree = "<group>"; };
		4399C4A92D3479060047DD20 /* MovieListCoordinator.swift */ = {isa = PBXFileReference; lastKnownFileType = sourcecode.swift; path = MovieListCoordinator.swift; sourceTree = "<group>"; };
		4399C4AB2D34807C0047DD20 /* Main.storyboard */ = {isa = PBXFileReference; lastKnownFileType = file.storyboard; path = Main.storyboard; sourceTree = "<group>"; };
		5E3E5C31BD76D2A7DA4537C5 /* Pods-TheMovieDB.release.xcconfig */ = {isa = PBXFileReference; includeInIndex = 1; lastKnownFileType = text.xcconfig; name = "Pods-TheMovieDB.release.xcconfig"; path = "Target Support Files/Pods-TheMovieDB/Pods-TheMovieDB.release.xcconfig"; sourceTree = "<group>"; };
		63856C6ABB631439EFAC8FDF /* Pods_TheMovieDBTests.framework */ = {isa = PBXFileReference; explicitFileType = wrapper.framework; includeInIndex = 0; path = Pods_TheMovieDBTests.framework; sourceTree = BUILT_PRODUCTS_DIR; };
		6599D13AFEC9FD1B80016D01 /* Pods-TheMovieDBTests.debug.xcconfig */ = {isa = PBXFileReference; includeInIndex = 1; lastKnownFileType = text.xcconfig; name = "Pods-TheMovieDBTests.debug.xcconfig"; path = "Target Support Files/Pods-TheMovieDBTests/Pods-TheMovieDBTests.debug.xcconfig"; sourceTree = "<group>"; };
		66C5AE9D16A570A297B81F05 /* Pods-TheMovieDBTests.release.xcconfig */ = {isa = PBXFileReference; includeInIndex = 1; lastKnownFileType = text.xcconfig; name = "Pods-TheMovieDBTests.release.xcconfig"; path = "Target Support Files/Pods-TheMovieDBTests/Pods-TheMovieDBTests.release.xcconfig"; sourceTree = "<group>"; };
		8F800C6ACA2ED4B7901B3DAA /* Pods-TheMovieDB-TheMovieDBUITests.debug.xcconfig */ = {isa = PBXFileReference; includeInIndex = 1; lastKnownFileType = text.xcconfig; name = "Pods-TheMovieDB-TheMovieDBUITests.debug.xcconfig"; path = "Target Support Files/Pods-TheMovieDB-TheMovieDBUITests/Pods-TheMovieDB-TheMovieDBUITests.debug.xcconfig"; sourceTree = "<group>"; };
		F7262523F5936A95865AFA34 /* Pods_TheMovieDB_TheMovieDBUITests.framework */ = {isa = PBXFileReference; explicitFileType = wrapper.framework; includeInIndex = 0; path = Pods_TheMovieDB_TheMovieDBUITests.framework; sourceTree = BUILT_PRODUCTS_DIR; };
		FCF7066454DE5F6A75DA61A0 /* Pods_TheMovieDB.framework */ = {isa = PBXFileReference; explicitFileType = wrapper.framework; includeInIndex = 0; path = Pods_TheMovieDB.framework; sourceTree = BUILT_PRODUCTS_DIR; };
/* End PBXFileReference section */

/* Begin PBXFrameworksBuildPhase section */
		4399C44A2D343F4D0047DD20 /* Frameworks */ = {
			isa = PBXFrameworksBuildPhase;
			buildActionMask = 2147483647;
			files = (
				7AAB7C72F384C03994356C11 /* Pods_TheMovieDB.framework in Frameworks */,
			);
			runOnlyForDeploymentPostprocessing = 0;
		};
		4399C4602D343F500047DD20 /* Frameworks */ = {
			isa = PBXFrameworksBuildPhase;
			buildActionMask = 2147483647;
			files = (
				73EF7217FC0344E7F01DA978 /* Pods_TheMovieDBTests.framework in Frameworks */,
			);
			runOnlyForDeploymentPostprocessing = 0;
		};
		4399C46A2D343F500047DD20 /* Frameworks */ = {
			isa = PBXFrameworksBuildPhase;
			buildActionMask = 2147483647;
			files = (
				C98F60BECDF57FBE78401ADA /* Pods_TheMovieDB_TheMovieDBUITests.framework in Frameworks */,
			);
			runOnlyForDeploymentPostprocessing = 0;
		};
/* End PBXFrameworksBuildPhase section */

/* Begin PBXGroup section */
		4399C4442D343F4D0047DD20 = {
			isa = PBXGroup;
			children = (
				4399C44F2D343F4D0047DD20 /* TheMovieDB */,
				4399C4662D343F500047DD20 /* TheMovieDBTests */,
				4399C4702D343F500047DD20 /* TheMovieDBUITests */,
				4399C44E2D343F4D0047DD20 /* Products */,
				D971822F07CEE708F766E405 /* Pods */,
				A68C55FC18EBD1D81AFE3AE8 /* Frameworks */,
			);
			sourceTree = "<group>";
		};
		4399C44E2D343F4D0047DD20 /* Products */ = {
			isa = PBXGroup;
			children = (
				4399C44D2D343F4D0047DD20 /* TheMovieDB.app */,
				4399C4632D343F500047DD20 /* TheMovieDBTests.xctest */,
				4399C46D2D343F500047DD20 /* TheMovieDBUITests.xctest */,
			);
			name = Products;
			sourceTree = "<group>";
		};
		4399C44F2D343F4D0047DD20 /* TheMovieDB */ = {
			isa = PBXGroup;
			children = (
				4399C4832D3461B40047DD20 /* App */,
				4399C4822D345BD70047DD20 /* Domain */,
				4399C4812D345BCB0047DD20 /* Data */,
				4399C4802D345BB30047DD20 /* Presentation */,
				4399C49A2D346E590047DD20 /* Resources */,
			);
			path = TheMovieDB;
			sourceTree = "<group>";
		};
		4399C4662D343F500047DD20 /* TheMovieDBTests */ = {
			isa = PBXGroup;
			children = (
				4399C4672D343F500047DD20 /* TheMovieDBTests.swift */,
			);
			path = TheMovieDBTests;
			sourceTree = "<group>";
		};
		4399C4702D343F500047DD20 /* TheMovieDBUITests */ = {
			isa = PBXGroup;
			children = (
				4399C4712D343F500047DD20 /* TheMovieDBUITests.swift */,
				4399C4732D343F500047DD20 /* TheMovieDBUITestsLaunchTests.swift */,
			);
			path = TheMovieDBUITests;
			sourceTree = "<group>";
		};
		4399C4802D345BB30047DD20 /* Presentation */ = {
			isa = PBXGroup;
			children = (
				4399C4872D3465490047DD20 /* View */,
				4399C4862D3463150047DD20 /* ViewModel */,
			);
			path = Presentation;
			sourceTree = "<group>";
		};
		4399C4812D345BCB0047DD20 /* Data */ = {
			isa = PBXGroup;
			children = (
				4399C4912D346A250047DD20 /* Repositories */,
				4399C4902D346A070047DD20 /* Network */,
			);
			path = Data;
			sourceTree = "<group>";
		};
		4399C4822D345BD70047DD20 /* Domain */ = {
			isa = PBXGroup;
			children = (
				4399C4952D346D970047DD20 /* Entities */,
				4399C4932D346D7A0047DD20 /* Interfaces */,
				4399C4922D346D6E0047DD20 /* UseCases */,
			);
			path = Domain;
			sourceTree = "<group>";
		};
		4399C4832D3461B40047DD20 /* App */ = {
			isa = PBXGroup;
			children = (
				4399C4A62D3478500047DD20 /* Coordinators */,
				4399C4502D343F4D0047DD20 /* AppDelegate.swift */,
				4399C4522D343F4D0047DD20 /* SceneDelegate.swift */,
				4399C49B2D346EFD0047DD20 /* AppConfig.swift */,
			);
			path = App;
			sourceTree = "<group>";
		};
		4399C4862D3463150047DD20 /* ViewModel */ = {
			isa = PBXGroup;
			children = (
				4399C4882D3465600047DD20 /* MovieListViewModel.swift */,
				4399C48C2D3469670047DD20 /* MovieDetailsViewModel.swift */,
			);
			path = ViewModel;
			sourceTree = "<group>";
		};
		4399C4872D3465490047DD20 /* View */ = {
			isa = PBXGroup;
			children = (
				4399C48A2D34658B0047DD20 /* MovieListViewController.swift */,
				4399C48E2D3469860047DD20 /* MovieDetailsViewController.swift */,
			);
			path = View;
			sourceTree = "<group>";
		};
		4399C4902D346A070047DD20 /* Network */ = {
			isa = PBXGroup;
			children = (
				4399C4962D346DD90047DD20 /* NetworkManager.swift */,
				4399C4982D346E280047DD20 /* Endpoint.swift */,
			);
			path = Network;
			sourceTree = "<group>";
		};
		4399C4912D346A250047DD20 /* Repositories */ = {
			isa = PBXGroup;
			children = (
				4399C49F2D346FA20047DD20 /* MovieRepository.swift */,
			);
			path = Repositories;
			sourceTree = "<group>";
		};
		4399C4922D346D6E0047DD20 /* UseCases */ = {
			isa = PBXGroup;
			children = (
			);
			path = UseCases;
			sourceTree = "<group>";
		};
		4399C4932D346D7A0047DD20 /* Interfaces */ = {
			isa = PBXGroup;
			children = (
				4399C4A12D34707A0047DD20 /* Others */,
				4399C4942D346D820047DD20 /* Repositories */,
			);
			path = Interfaces;
			sourceTree = "<group>";
		};
		4399C4942D346D820047DD20 /* Repositories */ = {
			isa = PBXGroup;
			children = (
				4399C49D2D346F7C0047DD20 /* MovieRepositoryProtocol.swift */,
			);
			path = Repositories;
			sourceTree = "<group>";
		};
		4399C4952D346D970047DD20 /* Entities */ = {
			isa = PBXGroup;
			children = (
				4399C4A42D34710B0047DD20 /* Movie.swift */,
			);
			path = Entities;
			sourceTree = "<group>";
		};
		4399C49A2D346E590047DD20 /* Resources */ = {
			isa = PBXGroup;
			children = (
				4399C4592D343F4F0047DD20 /* Assets.xcassets */,
				4399C45B2D343F4F0047DD20 /* LaunchScreen.storyboard */,
				4399C45E2D343F4F0047DD20 /* Info.plist */,
				4399C4AB2D34807C0047DD20 /* Main.storyboard */,
			);
			path = Resources;
			sourceTree = "<group>";
		};
		4399C4A12D34707A0047DD20 /* Others */ = {
			isa = PBXGroup;
			children = (
				4399C4A22D3470940047DD20 /* NetworkManagerProtocol.swift */,
			);
			path = Others;
			sourceTree = "<group>";
		};
		4399C4A62D3478500047DD20 /* Coordinators */ = {
			isa = PBXGroup;
			children = (
				4399C4A72D3478B00047DD20 /* CoordinatorProtocol.swift */,
				4399C4842D3462150047DD20 /* AppCoordinator.swift */,
				4399C4A92D3479060047DD20 /* MovieListCoordinator.swift */,
			);
			path = Coordinators;
			sourceTree = "<group>";
		};
		A68C55FC18EBD1D81AFE3AE8 /* Frameworks */ = {
			isa = PBXGroup;
			children = (
				FCF7066454DE5F6A75DA61A0 /* Pods_TheMovieDB.framework */,
				F7262523F5936A95865AFA34 /* Pods_TheMovieDB_TheMovieDBUITests.framework */,
				63856C6ABB631439EFAC8FDF /* Pods_TheMovieDBTests.framework */,
			);
			name = Frameworks;
			sourceTree = "<group>";
		};
		D971822F07CEE708F766E405 /* Pods */ = {
			isa = PBXGroup;
			children = (
				36B4D53FE05A0D845919719A /* Pods-TheMovieDB.debug.xcconfig */,
				5E3E5C31BD76D2A7DA4537C5 /* Pods-TheMovieDB.release.xcconfig */,
				8F800C6ACA2ED4B7901B3DAA /* Pods-TheMovieDB-TheMovieDBUITests.debug.xcconfig */,
				0769F1BA761C98E5B70FDC67 /* Pods-TheMovieDB-TheMovieDBUITests.release.xcconfig */,
				6599D13AFEC9FD1B80016D01 /* Pods-TheMovieDBTests.debug.xcconfig */,
				66C5AE9D16A570A297B81F05 /* Pods-TheMovieDBTests.release.xcconfig */,
			);
			path = Pods;
			sourceTree = "<group>";
		};
/* End PBXGroup section */

/* Begin PBXNativeTarget section */
		4399C44C2D343F4D0047DD20 /* TheMovieDB */ = {
			isa = PBXNativeTarget;
			buildConfigurationList = 4399C4772D343F500047DD20 /* Build configuration list for PBXNativeTarget "TheMovieDB" */;
			buildPhases = (
				1F7644693CB8FBBC61729755 /* [CP] Check Pods Manifest.lock */,
				4399C4492D343F4D0047DD20 /* Sources */,
				4399C44A2D343F4D0047DD20 /* Frameworks */,
				4399C44B2D343F4D0047DD20 /* Resources */,
				FC3D9E91D5B4E68BEE26A1F2 /* [CP] Embed Pods Frameworks */,
			);
			buildRules = (
			);
			dependencies = (
			);
			name = TheMovieDB;
			productName = TheMovieDB;
			productReference = 4399C44D2D343F4D0047DD20 /* TheMovieDB.app */;
			productType = "com.apple.product-type.application";
		};
		4399C4622D343F500047DD20 /* TheMovieDBTests */ = {
			isa = PBXNativeTarget;
			buildConfigurationList = 4399C47A2D343F500047DD20 /* Build configuration list for PBXNativeTarget "TheMovieDBTests" */;
			buildPhases = (
				DFE57164479551C5712D139D /* [CP] Check Pods Manifest.lock */,
				4399C45F2D343F500047DD20 /* Sources */,
				4399C4602D343F500047DD20 /* Frameworks */,
				4399C4612D343F500047DD20 /* Resources */,
			);
			buildRules = (
			);
			dependencies = (
				4399C4652D343F500047DD20 /* PBXTargetDependency */,
			);
			name = TheMovieDBTests;
			productName = TheMovieDBTests;
			productReference = 4399C4632D343F500047DD20 /* TheMovieDBTests.xctest */;
			productType = "com.apple.product-type.bundle.unit-test";
		};
		4399C46C2D343F500047DD20 /* TheMovieDBUITests */ = {
			isa = PBXNativeTarget;
			buildConfigurationList = 4399C47D2D343F500047DD20 /* Build configuration list for PBXNativeTarget "TheMovieDBUITests" */;
			buildPhases = (
				933E46CA8CEA855DFC7A09BE /* [CP] Check Pods Manifest.lock */,
				4399C4692D343F500047DD20 /* Sources */,
				4399C46A2D343F500047DD20 /* Frameworks */,
				4399C46B2D343F500047DD20 /* Resources */,
				CF9A11011F8A3EA99164B495 /* [CP] Embed Pods Frameworks */,
			);
			buildRules = (
			);
			dependencies = (
				4399C46F2D343F500047DD20 /* PBXTargetDependency */,
			);
			name = TheMovieDBUITests;
			productName = TheMovieDBUITests;
			productReference = 4399C46D2D343F500047DD20 /* TheMovieDBUITests.xctest */;
			productType = "com.apple.product-type.bundle.ui-testing";
		};
/* End PBXNativeTarget section */

/* Begin PBXProject section */
		4399C4452D343F4D0047DD20 /* Project object */ = {
			isa = PBXProject;
			attributes = {
				BuildIndependentTargetsInParallel = 1;
				LastSwiftUpdateCheck = 1430;
				LastUpgradeCheck = 1430;
				TargetAttributes = {
					4399C44C2D343F4D0047DD20 = {
						CreatedOnToolsVersion = 14.3.1;
					};
					4399C4622D343F500047DD20 = {
						CreatedOnToolsVersion = 14.3.1;
						TestTargetID = 4399C44C2D343F4D0047DD20;
					};
					4399C46C2D343F500047DD20 = {
						CreatedOnToolsVersion = 14.3.1;
						TestTargetID = 4399C44C2D343F4D0047DD20;
					};
				};
			};
			buildConfigurationList = 4399C4482D343F4D0047DD20 /* Build configuration list for PBXProject "TheMovieDB" */;
			compatibilityVersion = "Xcode 14.0";
			developmentRegion = en;
			hasScannedForEncodings = 0;
			knownRegions = (
				en,
				Base,
			);
			mainGroup = 4399C4442D343F4D0047DD20;
			productRefGroup = 4399C44E2D343F4D0047DD20 /* Products */;
			projectDirPath = "";
			projectRoot = "";
			targets = (
				4399C44C2D343F4D0047DD20 /* TheMovieDB */,
				4399C4622D343F500047DD20 /* TheMovieDBTests */,
				4399C46C2D343F500047DD20 /* TheMovieDBUITests */,
			);
		};
/* End PBXProject section */

/* Begin PBXResourcesBuildPhase section */
		4399C44B2D343F4D0047DD20 /* Resources */ = {
			isa = PBXResourcesBuildPhase;
			buildActionMask = 2147483647;
			files = (
				4399C45D2D343F4F0047DD20 /* LaunchScreen.storyboard in Resources */,
				4399C4AC2D34807C0047DD20 /* Main.storyboard in Resources */,
				4399C45A2D343F4F0047DD20 /* Assets.xcassets in Resources */,
			);
			runOnlyForDeploymentPostprocessing = 0;
		};
		4399C4612D343F500047DD20 /* Resources */ = {
			isa = PBXResourcesBuildPhase;
			buildActionMask = 2147483647;
			files = (
			);
			runOnlyForDeploymentPostprocessing = 0;
		};
		4399C46B2D343F500047DD20 /* Resources */ = {
			isa = PBXResourcesBuildPhase;
			buildActionMask = 2147483647;
			files = (
			);
			runOnlyForDeploymentPostprocessing = 0;
		};
/* End PBXResourcesBuildPhase section */

/* Begin PBXShellScriptBuildPhase section */
		1F7644693CB8FBBC61729755 /* [CP] Check Pods Manifest.lock */ = {
			isa = PBXShellScriptBuildPhase;
			buildActionMask = 2147483647;
			files = (
			);
			inputFileListPaths = (
			);
			inputPaths = (
				"${PODS_PODFILE_DIR_PATH}/Podfile.lock",
				"${PODS_ROOT}/Manifest.lock",
			);
			name = "[CP] Check Pods Manifest.lock";
			outputFileListPaths = (
			);
			outputPaths = (
				"$(DERIVED_FILE_DIR)/Pods-TheMovieDB-checkManifestLockResult.txt",
			);
			runOnlyForDeploymentPostprocessing = 0;
			shellPath = /bin/sh;
			shellScript = "diff \"${PODS_PODFILE_DIR_PATH}/Podfile.lock\" \"${PODS_ROOT}/Manifest.lock\" > /dev/null\nif [ $? != 0 ] ; then\n    # print error to STDERR\n    echo \"error: The sandbox is not in sync with the Podfile.lock. Run 'pod install' or update your CocoaPods installation.\" >&2\n    exit 1\nfi\n# This output is used by Xcode 'outputs' to avoid re-running this script phase.\necho \"SUCCESS\" > \"${SCRIPT_OUTPUT_FILE_0}\"\n";
			showEnvVarsInLog = 0;
		};
		933E46CA8CEA855DFC7A09BE /* [CP] Check Pods Manifest.lock */ = {
			isa = PBXShellScriptBuildPhase;
			buildActionMask = 2147483647;
			files = (
			);
			inputFileListPaths = (
			);
			inputPaths = (
				"${PODS_PODFILE_DIR_PATH}/Podfile.lock",
				"${PODS_ROOT}/Manifest.lock",
			);
			name = "[CP] Check Pods Manifest.lock";
			outputFileListPaths = (
			);
			outputPaths = (
				"$(DERIVED_FILE_DIR)/Pods-TheMovieDB-TheMovieDBUITests-checkManifestLockResult.txt",
			);
			runOnlyForDeploymentPostprocessing = 0;
			shellPath = /bin/sh;
			shellScript = "diff \"${PODS_PODFILE_DIR_PATH}/Podfile.lock\" \"${PODS_ROOT}/Manifest.lock\" > /dev/null\nif [ $? != 0 ] ; then\n    # print error to STDERR\n    echo \"error: The sandbox is not in sync with the Podfile.lock. Run 'pod install' or update your CocoaPods installation.\" >&2\n    exit 1\nfi\n# This output is used by Xcode 'outputs' to avoid re-running this script phase.\necho \"SUCCESS\" > \"${SCRIPT_OUTPUT_FILE_0}\"\n";
			showEnvVarsInLog = 0;
		};
		CF9A11011F8A3EA99164B495 /* [CP] Embed Pods Frameworks */ = {
			isa = PBXShellScriptBuildPhase;
			buildActionMask = 2147483647;
			files = (
			);
			inputFileListPaths = (
				"${PODS_ROOT}/Target Support Files/Pods-TheMovieDB-TheMovieDBUITests/Pods-TheMovieDB-TheMovieDBUITests-frameworks-${CONFIGURATION}-input-files.xcfilelist",
			);
			name = "[CP] Embed Pods Frameworks";
			outputFileListPaths = (
				"${PODS_ROOT}/Target Support Files/Pods-TheMovieDB-TheMovieDBUITests/Pods-TheMovieDB-TheMovieDBUITests-frameworks-${CONFIGURATION}-output-files.xcfilelist",
			);
			runOnlyForDeploymentPostprocessing = 0;
			shellPath = /bin/sh;
			shellScript = "\"${PODS_ROOT}/Target Support Files/Pods-TheMovieDB-TheMovieDBUITests/Pods-TheMovieDB-TheMovieDBUITests-frameworks.sh\"\n";
			showEnvVarsInLog = 0;
		};
		DFE57164479551C5712D139D /* [CP] Check Pods Manifest.lock */ = {
			isa = PBXShellScriptBuildPhase;
			buildActionMask = 2147483647;
			files = (
			);
			inputFileListPaths = (
			);
			inputPaths = (
				"${PODS_PODFILE_DIR_PATH}/Podfile.lock",
				"${PODS_ROOT}/Manifest.lock",
			);
			name = "[CP] Check Pods Manifest.lock";
			outputFileListPaths = (
			);
			outputPaths = (
				"$(DERIVED_FILE_DIR)/Pods-TheMovieDBTests-checkManifestLockResult.txt",
			);
			runOnlyForDeploymentPostprocessing = 0;
			shellPath = /bin/sh;
			shellScript = "diff \"${PODS_PODFILE_DIR_PATH}/Podfile.lock\" \"${PODS_ROOT}/Manifest.lock\" > /dev/null\nif [ $? != 0 ] ; then\n    # print error to STDERR\n    echo \"error: The sandbox is not in sync with the Podfile.lock. Run 'pod install' or update your CocoaPods installation.\" >&2\n    exit 1\nfi\n# This output is used by Xcode 'outputs' to avoid re-running this script phase.\necho \"SUCCESS\" > \"${SCRIPT_OUTPUT_FILE_0}\"\n";
			showEnvVarsInLog = 0;
		};
		FC3D9E91D5B4E68BEE26A1F2 /* [CP] Embed Pods Frameworks */ = {
			isa = PBXShellScriptBuildPhase;
			buildActionMask = 2147483647;
			files = (
			);
			inputFileListPaths = (
				"${PODS_ROOT}/Target Support Files/Pods-TheMovieDB/Pods-TheMovieDB-frameworks-${CONFIGURATION}-input-files.xcfilelist",
			);
			name = "[CP] Embed Pods Frameworks";
			outputFileListPaths = (
				"${PODS_ROOT}/Target Support Files/Pods-TheMovieDB/Pods-TheMovieDB-frameworks-${CONFIGURATION}-output-files.xcfilelist",
			);
			runOnlyForDeploymentPostprocessing = 0;
			shellPath = /bin/sh;
			shellScript = "\"${PODS_ROOT}/Target Support Files/Pods-TheMovieDB/Pods-TheMovieDB-frameworks.sh\"\n";
			showEnvVarsInLog = 0;
		};
/* End PBXShellScriptBuildPhase section */

/* Begin PBXSourcesBuildPhase section */
		4399C4492D343F4D0047DD20 /* Sources */ = {
			isa = PBXSourcesBuildPhase;
			buildActionMask = 2147483647;
			files = (
				4399C4972D346DD90047DD20 /* NetworkManager.swift in Sources */,
				4399C48F2D3469860047DD20 /* MovieDetailsViewController.swift in Sources */,
				4399C4A32D3470940047DD20 /* NetworkManagerProtocol.swift in Sources */,
				4399C49E2D346F7C0047DD20 /* MovieRepositoryProtocol.swift in Sources */,
				4399C49C2D346EFD0047DD20 /* AppConfig.swift in Sources */,
				4399C48D2D3469680047DD20 /* MovieDetailsViewModel.swift in Sources */,
				4399C4AA2D3479060047DD20 /* MovieListCoordinator.swift in Sources */,
				4399C4992D346E280047DD20 /* Endpoint.swift in Sources */,
				4399C4852D3462150047DD20 /* AppCoordinator.swift in Sources */,
				4399C4512D343F4D0047DD20 /* AppDelegate.swift in Sources */,
				4399C4A82D3478B00047DD20 /* CoordinatorProtocol.swift in Sources */,
				4399C48B2D34658B0047DD20 /* MovieListViewController.swift in Sources */,
				4399C4532D343F4D0047DD20 /* SceneDelegate.swift in Sources */,
				4399C4A02D346FA20047DD20 /* MovieRepository.swift in Sources */,
				4399C4892D3465600047DD20 /* MovieListViewModel.swift in Sources */,
				4399C4A52D34710B0047DD20 /* Movie.swift in Sources */,
			);
			runOnlyForDeploymentPostprocessing = 0;
		};
		4399C45F2D343F500047DD20 /* Sources */ = {
			isa = PBXSourcesBuildPhase;
			buildActionMask = 2147483647;
			files = (
				4399C4682D343F500047DD20 /* TheMovieDBTests.swift in Sources */,
			);
			runOnlyForDeploymentPostprocessing = 0;
		};
		4399C4692D343F500047DD20 /* Sources */ = {
			isa = PBXSourcesBuildPhase;
			buildActionMask = 2147483647;
			files = (
				4399C4722D343F500047DD20 /* TheMovieDBUITests.swift in Sources */,
				4399C4742D343F500047DD20 /* TheMovieDBUITestsLaunchTests.swift in Sources */,
			);
			runOnlyForDeploymentPostprocessing = 0;
		};
/* End PBXSourcesBuildPhase section */

/* Begin PBXTargetDependency section */
		4399C4652D343F500047DD20 /* PBXTargetDependency */ = {
			isa = PBXTargetDependency;
			target = 4399C44C2D343F4D0047DD20 /* TheMovieDB */;
			targetProxy = 4399C4642D343F500047DD20 /* PBXContainerItemProxy */;
		};
		4399C46F2D343F500047DD20 /* PBXTargetDependency */ = {
			isa = PBXTargetDependency;
			target = 4399C44C2D343F4D0047DD20 /* TheMovieDB */;
			targetProxy = 4399C46E2D343F500047DD20 /* PBXContainerItemProxy */;
		};
/* End PBXTargetDependency section */

/* Begin PBXVariantGroup section */
		4399C45B2D343F4F0047DD20 /* LaunchScreen.storyboard */ = {
			isa = PBXVariantGroup;
			children = (
				4399C45C2D343F4F0047DD20 /* Base */,
			);
			name = LaunchScreen.storyboard;
			sourceTree = "<group>";
		};
/* End PBXVariantGroup section */

/* Begin XCBuildConfiguration section */
		4399C4752D343F500047DD20 /* Debug */ = {
			isa = XCBuildConfiguration;
			buildSettings = {
				ALWAYS_SEARCH_USER_PATHS = NO;
				CLANG_ANALYZER_NONNULL = YES;
				CLANG_ANALYZER_NUMBER_OBJECT_CONVERSION = YES_AGGRESSIVE;
				CLANG_CXX_LANGUAGE_STANDARD = "gnu++20";
				CLANG_ENABLE_MODULES = YES;
				CLANG_ENABLE_OBJC_ARC = YES;
				CLANG_ENABLE_OBJC_WEAK = YES;
				CLANG_WARN_BLOCK_CAPTURE_AUTORELEASING = YES;
				CLANG_WARN_BOOL_CONVERSION = YES;
				CLANG_WARN_COMMA = YES;
				CLANG_WARN_CONSTANT_CONVERSION = YES;
				CLANG_WARN_DEPRECATED_OBJC_IMPLEMENTATIONS = YES;
				CLANG_WARN_DIRECT_OBJC_ISA_USAGE = YES_ERROR;
				CLANG_WARN_DOCUMENTATION_COMMENTS = YES;
				CLANG_WARN_EMPTY_BODY = YES;
				CLANG_WARN_ENUM_CONVERSION = YES;
				CLANG_WARN_INFINITE_RECURSION = YES;
				CLANG_WARN_INT_CONVERSION = YES;
				CLANG_WARN_NON_LITERAL_NULL_CONVERSION = YES;
				CLANG_WARN_OBJC_IMPLICIT_RETAIN_SELF = YES;
				CLANG_WARN_OBJC_LITERAL_CONVERSION = YES;
				CLANG_WARN_OBJC_ROOT_CLASS = YES_ERROR;
				CLANG_WARN_QUOTED_INCLUDE_IN_FRAMEWORK_HEADER = YES;
				CLANG_WARN_RANGE_LOOP_ANALYSIS = YES;
				CLANG_WARN_STRICT_PROTOTYPES = YES;
				CLANG_WARN_SUSPICIOUS_MOVE = YES;
				CLANG_WARN_UNGUARDED_AVAILABILITY = YES_AGGRESSIVE;
				CLANG_WARN_UNREACHABLE_CODE = YES;
				CLANG_WARN__DUPLICATE_METHOD_MATCH = YES;
				COPY_PHASE_STRIP = NO;
				DEBUG_INFORMATION_FORMAT = dwarf;
				ENABLE_STRICT_OBJC_MSGSEND = YES;
				ENABLE_TESTABILITY = YES;
				GCC_C_LANGUAGE_STANDARD = gnu11;
				GCC_DYNAMIC_NO_PIC = NO;
				GCC_NO_COMMON_BLOCKS = YES;
				GCC_OPTIMIZATION_LEVEL = 0;
				GCC_PREPROCESSOR_DEFINITIONS = (
					"DEBUG=1",
					"$(inherited)",
				);
				GCC_WARN_64_TO_32_BIT_CONVERSION = YES;
				GCC_WARN_ABOUT_RETURN_TYPE = YES_ERROR;
				GCC_WARN_UNDECLARED_SELECTOR = YES;
				GCC_WARN_UNINITIALIZED_AUTOS = YES_AGGRESSIVE;
				GCC_WARN_UNUSED_FUNCTION = YES;
				GCC_WARN_UNUSED_VARIABLE = YES;
				IPHONEOS_DEPLOYMENT_TARGET = 16.4;
				MTL_ENABLE_DEBUG_INFO = INCLUDE_SOURCE;
				MTL_FAST_MATH = YES;
				ONLY_ACTIVE_ARCH = YES;
				SDKROOT = iphoneos;
				SWIFT_ACTIVE_COMPILATION_CONDITIONS = DEBUG;
				SWIFT_OPTIMIZATION_LEVEL = "-Onone";
			};
			name = Debug;
		};
		4399C4762D343F500047DD20 /* Release */ = {
			isa = XCBuildConfiguration;
			buildSettings = {
				ALWAYS_SEARCH_USER_PATHS = NO;
				CLANG_ANALYZER_NONNULL = YES;
				CLANG_ANALYZER_NUMBER_OBJECT_CONVERSION = YES_AGGRESSIVE;
				CLANG_CXX_LANGUAGE_STANDARD = "gnu++20";
				CLANG_ENABLE_MODULES = YES;
				CLANG_ENABLE_OBJC_ARC = YES;
				CLANG_ENABLE_OBJC_WEAK = YES;
				CLANG_WARN_BLOCK_CAPTURE_AUTORELEASING = YES;
				CLANG_WARN_BOOL_CONVERSION = YES;
				CLANG_WARN_COMMA = YES;
				CLANG_WARN_CONSTANT_CONVERSION = YES;
				CLANG_WARN_DEPRECATED_OBJC_IMPLEMENTATIONS = YES;
				CLANG_WARN_DIRECT_OBJC_ISA_USAGE = YES_ERROR;
				CLANG_WARN_DOCUMENTATION_COMMENTS = YES;
				CLANG_WARN_EMPTY_BODY = YES;
				CLANG_WARN_ENUM_CONVERSION = YES;
				CLANG_WARN_INFINITE_RECURSION = YES;
				CLANG_WARN_INT_CONVERSION = YES;
				CLANG_WARN_NON_LITERAL_NULL_CONVERSION = YES;
				CLANG_WARN_OBJC_IMPLICIT_RETAIN_SELF = YES;
				CLANG_WARN_OBJC_LITERAL_CONVERSION = YES;
				CLANG_WARN_OBJC_ROOT_CLASS = YES_ERROR;
				CLANG_WARN_QUOTED_INCLUDE_IN_FRAMEWORK_HEADER = YES;
				CLANG_WARN_RANGE_LOOP_ANALYSIS = YES;
				CLANG_WARN_STRICT_PROTOTYPES = YES;
				CLANG_WARN_SUSPICIOUS_MOVE = YES;
				CLANG_WARN_UNGUARDED_AVAILABILITY = YES_AGGRESSIVE;
				CLANG_WARN_UNREACHABLE_CODE = YES;
				CLANG_WARN__DUPLICATE_METHOD_MATCH = YES;
				COPY_PHASE_STRIP = NO;
				DEBUG_INFORMATION_FORMAT = "dwarf-with-dsym";
				ENABLE_NS_ASSERTIONS = NO;
				ENABLE_STRICT_OBJC_MSGSEND = YES;
				GCC_C_LANGUAGE_STANDARD = gnu11;
				GCC_NO_COMMON_BLOCKS = YES;
				GCC_WARN_64_TO_32_BIT_CONVERSION = YES;
				GCC_WARN_ABOUT_RETURN_TYPE = YES_ERROR;
				GCC_WARN_UNDECLARED_SELECTOR = YES;
				GCC_WARN_UNINITIALIZED_AUTOS = YES_AGGRESSIVE;
				GCC_WARN_UNUSED_FUNCTION = YES;
				GCC_WARN_UNUSED_VARIABLE = YES;
				IPHONEOS_DEPLOYMENT_TARGET = 16.4;
				MTL_ENABLE_DEBUG_INFO = NO;
				MTL_FAST_MATH = YES;
				SDKROOT = iphoneos;
				SWIFT_COMPILATION_MODE = wholemodule;
				SWIFT_OPTIMIZATION_LEVEL = "-O";
				VALIDATE_PRODUCT = YES;
			};
			name = Release;
		};
		4399C4782D343F500047DD20 /* Debug */ = {
			isa = XCBuildConfiguration;
			baseConfigurationReference = 36B4D53FE05A0D845919719A /* Pods-TheMovieDB.debug.xcconfig */;
			buildSettings = {
				ASSETCATALOG_COMPILER_APPICON_NAME = AppIcon;
				ASSETCATALOG_COMPILER_GLOBAL_ACCENT_COLOR_NAME = AccentColor;
				CODE_SIGN_STYLE = Automatic;
				CURRENT_PROJECT_VERSION = 1;
				DEVELOPMENT_TEAM = 83P5KX79QJ;
				GENERATE_INFOPLIST_FILE = YES;
				INFOPLIST_FILE = TheMovieDB/Resources/Info.plist;
				INFOPLIST_KEY_UIApplicationSupportsIndirectInputEvents = YES;
				INFOPLIST_KEY_UILaunchStoryboardName = LaunchScreen;
				INFOPLIST_KEY_UIMainStoryboardFile = Main;
				INFOPLIST_KEY_UISupportedInterfaceOrientations_iPad = "UIInterfaceOrientationPortrait UIInterfaceOrientationPortraitUpsideDown UIInterfaceOrientationLandscapeLeft UIInterfaceOrientationLandscapeRight";
				INFOPLIST_KEY_UISupportedInterfaceOrientations_iPhone = "UIInterfaceOrientationPortrait UIInterfaceOrientationLandscapeLeft UIInterfaceOrientationLandscapeRight";
				IPHONEOS_DEPLOYMENT_TARGET = 15.6;
				LD_RUNPATH_SEARCH_PATHS = (
					"$(inherited)",
					"@executable_path/Frameworks",
				);
				MARKETING_VERSION = 1.0;
				PRODUCT_BUNDLE_IDENTIFIER = Dev.Yaser.TheMovieDB;
				PRODUCT_NAME = "$(TARGET_NAME)";
				SWIFT_EMIT_LOC_STRINGS = YES;
				SWIFT_VERSION = 5.0;
				TARGETED_DEVICE_FAMILY = "1,2";
			};
			name = Debug;
		};
		4399C4792D343F500047DD20 /* Release */ = {
			isa = XCBuildConfiguration;
			baseConfigurationReference = 5E3E5C31BD76D2A7DA4537C5 /* Pods-TheMovieDB.release.xcconfig */;
			buildSettings = {
				ASSETCATALOG_COMPILER_APPICON_NAME = AppIcon;
				ASSETCATALOG_COMPILER_GLOBAL_ACCENT_COLOR_NAME = AccentColor;
				CODE_SIGN_STYLE = Automatic;
				CURRENT_PROJECT_VERSION = 1;
				DEVELOPMENT_TEAM = 83P5KX79QJ;
				GENERATE_INFOPLIST_FILE = YES;
				INFOPLIST_FILE = TheMovieDB/Resources/Info.plist;
				INFOPLIST_KEY_UIApplicationSupportsIndirectInputEvents = YES;
				INFOPLIST_KEY_UILaunchStoryboardName = LaunchScreen;
				INFOPLIST_KEY_UIMainStoryboardFile = Main;
				INFOPLIST_KEY_UISupportedInterfaceOrientations_iPad = "UIInterfaceOrientationPortrait UIInterfaceOrientationPortraitUpsideDown UIInterfaceOrientationLandscapeLeft UIInterfaceOrientationLandscapeRight";
				INFOPLIST_KEY_UISupportedInterfaceOrientations_iPhone = "UIInterfaceOrientationPortrait UIInterfaceOrientationLandscapeLeft UIInterfaceOrientationLandscapeRight";
				IPHONEOS_DEPLOYMENT_TARGET = 15.6;
				LD_RUNPATH_SEARCH_PATHS = (
					"$(inherited)",
					"@executable_path/Frameworks",
				);
				MARKETING_VERSION = 1.0;
				PRODUCT_BUNDLE_IDENTIFIER = Dev.Yaser.TheMovieDB;
				PRODUCT_NAME = "$(TARGET_NAME)";
				SWIFT_EMIT_LOC_STRINGS = YES;
				SWIFT_VERSION = 5.0;
				TARGETED_DEVICE_FAMILY = "1,2";
			};
			name = Release;
		};
		4399C47B2D343F500047DD20 /* Debug */ = {
			isa = XCBuildConfiguration;
			baseConfigurationReference = 6599D13AFEC9FD1B80016D01 /* Pods-TheMovieDBTests.debug.xcconfig */;
			buildSettings = {
				ALWAYS_EMBED_SWIFT_STANDARD_LIBRARIES = YES;
				BUNDLE_LOADER = "$(TEST_HOST)";
				CODE_SIGN_STYLE = Automatic;
				CURRENT_PROJECT_VERSION = 1;
				DEVELOPMENT_TEAM = 83P5KX79QJ;
				GENERATE_INFOPLIST_FILE = YES;
				IPHONEOS_DEPLOYMENT_TARGET = 16.4;
				MARKETING_VERSION = 1.0;
				PRODUCT_BUNDLE_IDENTIFIER = Dev.Yaser.TheMovieDBTests;
				PRODUCT_NAME = "$(TARGET_NAME)";
				SWIFT_EMIT_LOC_STRINGS = NO;
				SWIFT_VERSION = 5.0;
				TARGETED_DEVICE_FAMILY = "1,2";
				TEST_HOST = "$(BUILT_PRODUCTS_DIR)/TheMovieDB.app/$(BUNDLE_EXECUTABLE_FOLDER_PATH)/TheMovieDB";
			};
			name = Debug;
		};
		4399C47C2D343F500047DD20 /* Release */ = {
			isa = XCBuildConfiguration;
			baseConfigurationReference = 66C5AE9D16A570A297B81F05 /* Pods-TheMovieDBTests.release.xcconfig */;
			buildSettings = {
				ALWAYS_EMBED_SWIFT_STANDARD_LIBRARIES = YES;
				BUNDLE_LOADER = "$(TEST_HOST)";
				CODE_SIGN_STYLE = Automatic;
				CURRENT_PROJECT_VERSION = 1;
				DEVELOPMENT_TEAM = 83P5KX79QJ;
				GENERATE_INFOPLIST_FILE = YES;
				IPHONEOS_DEPLOYMENT_TARGET = 16.4;
				MARKETING_VERSION = 1.0;
				PRODUCT_BUNDLE_IDENTIFIER = Dev.Yaser.TheMovieDBTests;
				PRODUCT_NAME = "$(TARGET_NAME)";
				SWIFT_EMIT_LOC_STRINGS = NO;
				SWIFT_VERSION = 5.0;
				TARGETED_DEVICE_FAMILY = "1,2";
				TEST_HOST = "$(BUILT_PRODUCTS_DIR)/TheMovieDB.app/$(BUNDLE_EXECUTABLE_FOLDER_PATH)/TheMovieDB";
			};
			name = Release;
		};
		4399C47E2D343F500047DD20 /* Debug */ = {
			isa = XCBuildConfiguration;
			baseConfigurationReference = 8F800C6ACA2ED4B7901B3DAA /* Pods-TheMovieDB-TheMovieDBUITests.debug.xcconfig */;
			buildSettings = {
				ALWAYS_EMBED_SWIFT_STANDARD_LIBRARIES = YES;
				CODE_SIGN_STYLE = Automatic;
				CURRENT_PROJECT_VERSION = 1;
				DEVELOPMENT_TEAM = 83P5KX79QJ;
				GENERATE_INFOPLIST_FILE = YES;
				MARKETING_VERSION = 1.0;
				PRODUCT_BUNDLE_IDENTIFIER = Dev.Yaser.TheMovieDBUITests;
				PRODUCT_NAME = "$(TARGET_NAME)";
				SWIFT_EMIT_LOC_STRINGS = NO;
				SWIFT_VERSION = 5.0;
				TARGETED_DEVICE_FAMILY = "1,2";
				TEST_TARGET_NAME = TheMovieDB;
			};
			name = Debug;
		};
		4399C47F2D343F500047DD20 /* Release */ = {
			isa = XCBuildConfiguration;
			baseConfigurationReference = 0769F1BA761C98E5B70FDC67 /* Pods-TheMovieDB-TheMovieDBUITests.release.xcconfig */;
			buildSettings = {
				ALWAYS_EMBED_SWIFT_STANDARD_LIBRARIES = YES;
				CODE_SIGN_STYLE = Automatic;
				CURRENT_PROJECT_VERSION = 1;
				DEVELOPMENT_TEAM = 83P5KX79QJ;
				GENERATE_INFOPLIST_FILE = YES;
				MARKETING_VERSION = 1.0;
				PRODUCT_BUNDLE_IDENTIFIER = Dev.Yaser.TheMovieDBUITests;
				PRODUCT_NAME = "$(TARGET_NAME)";
				SWIFT_EMIT_LOC_STRINGS = NO;
				SWIFT_VERSION = 5.0;
				TARGETED_DEVICE_FAMILY = "1,2";
				TEST_TARGET_NAME = TheMovieDB;
			};
			name = Release;
		};
/* End XCBuildConfiguration section */

/* Begin XCConfigurationList section */
		4399C4482D343F4D0047DD20 /* Build configuration list for PBXProject "TheMovieDB" */ = {
			isa = XCConfigurationList;
			buildConfigurations = (
				4399C4752D343F500047DD20 /* Debug */,
				4399C4762D343F500047DD20 /* Release */,
			);
			defaultConfigurationIsVisible = 0;
			defaultConfigurationName = Release;
		};
		4399C4772D343F500047DD20 /* Build configuration list for PBXNativeTarget "TheMovieDB" */ = {
			isa = XCConfigurationList;
			buildConfigurations = (
				4399C4782D343F500047DD20 /* Debug */,
				4399C4792D343F500047DD20 /* Release */,
			);
			defaultConfigurationIsVisible = 0;
			defaultConfigurationName = Release;
		};
		4399C47A2D343F500047DD20 /* Build configuration list for PBXNativeTarget "TheMovieDBTests" */ = {
			isa = XCConfigurationList;
			buildConfigurations = (
				4399C47B2D343F500047DD20 /* Debug */,
				4399C47C2D343F500047DD20 /* Release */,
			);
			defaultConfigurationIsVisible = 0;
			defaultConfigurationName = Release;
		};
		4399C47D2D343F500047DD20 /* Build configuration list for PBXNativeTarget "TheMovieDBUITests" */ = {
			isa = XCConfigurationList;
			buildConfigurations = (
				4399C47E2D343F500047DD20 /* Debug */,
				4399C47F2D343F500047DD20 /* Release */,
			);
			defaultConfigurationIsVisible = 0;
			defaultConfigurationName = Release;
		};
/* End XCConfigurationList section */
	};
	rootObject = 4399C4452D343F4D0047DD20 /* Project object */;
}
